
Microsoft Visual Studio Solution File, Format Version 12.00
# Visual Studio 2012
Project("{FAE04EC0-301F-11D3-BF4B-00C04F79EFBC}") = "SignalRChat", "SignalRChat\SignalRChat.csproj", "{678BA738-B495-40F8-A343-73111E8B4464}"
EndProject
Project("{FAE04EC0-301F-11D3-BF4B-00C04F79EFBC}") = "SignalRChat.net", "SignalRChat.net\SignalRChat.net.csproj", "{F4BFB902-D30E-444B-8E13-2FE04F3E08EC}"
EndProject
Project("{2150E333-8FDC-42A3-9474-1A3956D46DE8}") = ".nuget", ".nuget", "{A1FA6B6B-5850-447D-A0C4-39A1D660C44A}"
	ProjectSection(SolutionItems) = preProject
		.nuget\NuGet.Config = .nuget\NuGet.Config
		.nuget\NuGet.exe = .nuget\NuGet.exe
		.nuget\NuGet.targets = .nuget\NuGet.targets
	EndProjectSection
EndProject
Project("{FAE04EC0-301F-11D3-BF4B-00C04F79EFBC}") = "SignalRChat.Server", "SignalRChat.Server\SignalRChat.Server.csproj", "{C54B666C-93BC-4061-BA73-73EB11ED2D83}"
EndProject
Project("{262852C6-CD72-467D-83FE-5EEB1973A190}") = "SignalRChat.WinRT", "SignalRChat.WinRT\SignalRChat.WinRT.jsproj", "{8CCDA99E-856A-4C3C-8540-8A91AA21702E}"
EndProject
Global
	GlobalSection(SolutionConfigurationPlatforms) = preSolution
		Debug|Any CPU = Debug|Any CPU
		Debug|ARM = Debug|ARM
		Debug|x64 = Debug|x64
		Debug|x86 = Debug|x86
		Release|Any CPU = Release|Any CPU
		Release|ARM = Release|ARM
		Release|x64 = Release|x64
		Release|x86 = Release|x86
	EndGlobalSection
	GlobalSection(ProjectConfigurationPlatforms) = postSolution
		{678BA738-B495-40F8-A343-73111E8B4464}.Debug|Any CPU.ActiveCfg = Debug|Any CPU
		{678BA738-B495-40F8-A343-73111E8B4464}.Debug|Any CPU.Build.0 = Debug|Any CPU
		{678BA738-B495-40F8-A343-73111E8B4464}.Debug|ARM.ActiveCfg = Debug|Any CPU
		{678BA738-B495-40F8-A343-73111E8B4464}.Debug|x64.ActiveCfg = Debug|Any CPU
		{678BA738-B495-40F8-A343-73111E8B4464}.Debug|x86.ActiveCfg = Debug|Any CPU
		{678BA738-B495-40F8-A343-73111E8B4464}.Release|Any CPU.ActiveCfg = Release|Any CPU
		{678BA738-B495-40F8-A343-73111E8B4464}.Release|Any CPU.Build.0 = Release|Any CPU
		{678BA738-B495-40F8-A343-73111E8B4464}.Release|ARM.ActiveCfg = Release|Any CPU
		{678BA738-B495-40F8-A343-73111E8B4464}.Release|x64.ActiveCfg = Release|Any CPU
		{678BA738-B495-40F8-A343-73111E8B4464}.Release|x86.ActiveCfg = Release|Any CPU
		{F4BFB902-D30E-444B-8E13-2FE04F3E08EC}.Debug|Any CPU.ActiveCfg = Debug|Any CPU
		{F4BFB902-D30E-444B-8E13-2FE04F3E08EC}.Debug|Any CPU.Build.0 = Debug|Any CPU
		{F4BFB902-D30E-444B-8E13-2FE04F3E08EC}.Debug|ARM.ActiveCfg = Debug|Any CPU
		{F4BFB902-D30E-444B-8E13-2FE04F3E08EC}.Debug|x64.ActiveCfg = Debug|Any CPU
		{F4BFB902-D30E-444B-8E13-2FE04F3E08EC}.Debug|x86.ActiveCfg = Debug|Any CPU
		{F4BFB902-D30E-444B-8E13-2FE04F3E08EC}.Release|Any CPU.ActiveCfg = Release|Any CPU
		{F4BFB902-D30E-444B-8E13-2FE04F3E08EC}.Release|Any CPU.Build.0 = Release|Any CPU
		{F4BFB902-D30E-444B-8E13-2FE04F3E08EC}.Release|ARM.ActiveCfg = Release|Any CPU
		{F4BFB902-D30E-444B-8E13-2FE04F3E08EC}.Release|x64.ActiveCfg = Release|Any CPU
		{F4BFB902-D30E-444B-8E13-2FE04F3E08EC}.Release|x86.ActiveCfg = Release|Any CPU
		{C54B666C-93BC-4061-BA73-73EB11ED2D83}.Debug|Any CPU.ActiveCfg = Debug|Any CPU
		{C54B666C-93BC-4061-BA73-73EB11ED2D83}.Debug|Any CPU.Build.0 = Debug|Any CPU
		{C54B666C-93BC-4061-BA73-73EB11ED2D83}.Debug|ARM.ActiveCfg = Debug|Any CPU
		{C54B666C-93BC-4061-BA73-73EB11ED2D83}.Debug|x64.ActiveCfg = Debug|Any CPU
		{C54B666C-93BC-4061-BA73-73EB11ED2D83}.Debug|x86.ActiveCfg = Debug|Any CPU
		{C54B666C-93BC-4061-BA73-73EB11ED2D83}.Release|Any CPU.ActiveCfg = Release|Any CPU
		{C54B666C-93BC-4061-BA73-73EB11ED2D83}.Release|Any CPU.Build.0 = Release|Any CPU
		{C54B666C-93BC-4061-BA73-73EB11ED2D83}.Release|ARM.ActiveCfg = Release|Any CPU
		{C54B666C-93BC-4061-BA73-73EB11ED2D83}.Release|x64.ActiveCfg = Release|Any CPU
		{C54B666C-93BC-4061-BA73-73EB11ED2D83}.Release|x86.ActiveCfg = Release|Any CPU
		{8CCDA99E-856A-4C3C-8540-8A91AA21702E}.Debug|Any CPU.ActiveCfg = Debug|Any CPU
		{8CCDA99E-856A-4C3C-8540-8A91AA21702E}.Debug|Any CPU.Build.0 = Debug|Any CPU
		{8CCDA99E-856A-4C3C-8540-8A91AA21702E}.Debug|Any CPU.Deploy.0 = Debug|Any CPU
		{8CCDA99E-856A-4C3C-8540-8A91AA21702E}.Debug|ARM.ActiveCfg = Debug|ARM
		{8CCDA99E-856A-4C3C-8540-8A91AA21702E}.Debug|ARM.Build.0 = Debug|ARM
		{8CCDA99E-856A-4C3C-8540-8A91AA21702E}.Debug|ARM.Deploy.0 = Debug|ARM
		{8CCDA99E-856A-4C3C-8540-8A91AA21702E}.Debug|x64.ActiveCfg = Debug|x64
		{8CCDA99E-856A-4C3C-8540-8A91AA21702E}.Debug|x64.Build.0 = Debug|x64
		{8CCDA99E-856A-4C3C-8540-8A91AA21702E}.Debug|x64.Deploy.0 = Debug|x64
		{8CCDA99E-856A-4C3C-8540-8A91AA21702E}.Debug|x86.ActiveCfg = Debug|x86
		{8CCDA99E-856A-4C3C-8540-8A91AA21702E}.Debug|x86.Build.0 = Debug|x86
		{8CCDA99E-856A-4C3C-8540-8A91AA21702E}.Debug|x86.Deploy.0 = Debug|x86
		{8CCDA99E-856A-4C3C-8540-8A91AA21702E}.Release|Any CPU.ActiveCfg = Release|Any CPU
		{8CCDA99E-856A-4C3C-8540-8A91AA21702E}.Release|Any CPU.Build.0 = Release|Any CPU
		{8CCDA99E-856A-4C3C-8540-8A91AA21702E}.Release|Any CPU.Deploy.0 = Release|Any CPU
		{8CCDA99E-856A-4C3C-8540-8A91AA21702E}.Release|ARM.ActiveCfg = Release|ARM
		{8CCDA99E-856A-4C3C-8540-8A91AA21702E}.Release|ARM.Build.0 = Release|ARM
		{8CCDA99E-856A-4C3C-8540-8A91AA21702E}.Release|ARM.Deploy.0 = Release|ARM
		{8CCDA99E-856A-4C3C-8540-8A91AA21702E}.Release|x64.ActiveCfg = Release|x64
		{8CCDA99E-856A-4C3C-8540-8A91AA21702E}.Release|x64.Build.0 = Release|x64
		{8CCDA99E-856A-4C3C-8540-8A91AA21702E}.Release|x64.Deploy.0 = Release|x64
		{8CCDA99E-856A-4C3C-8540-8A91AA21702E}.Release|x86.ActiveCfg = Release|x86
		{8CCDA99E-856A-4C3C-8540-8A91AA21702E}.Release|x86.Build.0 = Release|x86
		{8CCDA99E-856A-4C3C-8540-8A91AA21702E}.Release|x86.Deploy.0 = Release|x86
	EndGlobalSection
	GlobalSection(SolutionProperties) = preSolution
		HideSolutionNode = FALSE
	EndGlobalSection
EndGlobal
